
Microsoft Visual Studio Solution File, Format Version 12.00
# Visual Studio Version 17
VisualStudioVersion = 17.13.35507.96
MinimumVisualStudioVersion = 10.0.40219.1
Project("{2150E333-8FDC-42A3-9474-1A3956D46DE8}") = "src", "src", "{A1131AB8-4F96-48CA-A5CD-7CFFB80E7B1C}"
EndProject
Project("{2150E333-8FDC-42A3-9474-1A3956D46DE8}") = "tests", "tests", "{39C4839D-F7F1-46E4-886E-CA63025F6D59}"
EndProject
Project("{FAE04EC0-301F-11D3-BF4B-00C04F79EFBC}") = "Gravy.App", "src\Gravy.App\Gravy.App.csproj", "{D26B8298-5D89-339D-FE2A-E9E6B5F1FD5A}"
EndProject
Project("{FAE04EC0-301F-11D3-BF4B-00C04F79EFBC}") = "Gravy.Application", "src\Gravy.Application\Gravy.Application.csproj", "{3ECFED4B-EC67-2BB6-5EFB-4FE1FE6EA3B6}"
EndProject
Project("{FAE04EC0-301F-11D3-BF4B-00C04F79EFBC}") = "Gravy.Domain", "src\Gravy.Domain\Gravy.Domain.csproj", "{3A59A9D6-7D9D-326C-5A79-B77C364CB0A6}"
EndProject
Project("{FAE04EC0-301F-11D3-BF4B-00C04F79EFBC}") = "Gravy.Infrastructure", "src\Gravy.Infrastructure\Gravy.Infrastructure.csproj", "{F538308D-AB13-C2FD-75B6-8C613AE0B4FA}"
EndProject
Project("{FAE04EC0-301F-11D3-BF4B-00C04F79EFBC}") = "Gravy.Persistence", "src\Gravy.Persistence\Gravy.Persistence.csproj", "{8692DCB7-ED25-777E-FACE-880C1697DE35}"
EndProject
Project("{FAE04EC0-301F-11D3-BF4B-00C04F79EFBC}") = "Gravy.Presentation", "src\Gravy.Presentation\Gravy.Presentation.csproj", "{69433B1C-A246-D55F-102A-26EFF5ACA1A0}"
EndProject
Project("{FAE04EC0-301F-11D3-BF4B-00C04F79EFBC}") = "Gravy.Application.UnitTests", "tests\Gravy.Application.UnitTests\Gravy.Application.UnitTests.csproj", "{85FC4201-F3E6-4CFB-483C-C9EADE101F94}"
EndProject
Project("{FAE04EC0-301F-11D3-BF4B-00C04F79EFBC}") = "Gravy.ArchitectureTests", "tests\Gravy.ArchitectureTests\Gravy.ArchitectureTests.csproj", "{3D6A0EBA-C3F1-4791-9DA5-324717911B97}"
EndProject
Project("{2150E333-8FDC-42A3-9474-1A3956D46DE8}") = "Solution Items", "Solution Items", "{02EA681E-C7D8-13C7-8484-4AC65E1B71E8}"
	ProjectSection(SolutionItems) = preProject
		Directory.Packages.props = Directory.Packages.props
	EndProjectSection
EndProject
Global
	GlobalSection(SolutionConfigurationPlatforms) = preSolution
		Debug|Any CPU = Debug|Any CPU
		Release|Any CPU = Release|Any CPU
	EndGlobalSection
	GlobalSection(ProjectConfigurationPlatforms) = postSolution
		{D26B8298-5D89-339D-FE2A-E9E6B5F1FD5A}.Debug|Any CPU.ActiveCfg = Debug|Any CPU
		{D26B8298-5D89-339D-FE2A-E9E6B5F1FD5A}.Debug|Any CPU.Build.0 = Debug|Any CPU
		{D26B8298-5D89-339D-FE2A-E9E6B5F1FD5A}.Release|Any CPU.ActiveCfg = Release|Any CPU
		{D26B8298-5D89-339D-FE2A-E9E6B5F1FD5A}.Release|Any CPU.Build.0 = Release|Any CPU
		{3ECFED4B-EC67-2BB6-5EFB-4FE1FE6EA3B6}.Debug|Any CPU.ActiveCfg = Debug|Any CPU
		{3ECFED4B-EC67-2BB6-5EFB-4FE1FE6EA3B6}.Debug|Any CPU.Build.0 = Debug|Any CPU
		{3ECFED4B-EC67-2BB6-5EFB-4FE1FE6EA3B6}.Release|Any CPU.ActiveCfg = Release|Any CPU
		{3ECFED4B-EC67-2BB6-5EFB-4FE1FE6EA3B6}.Release|Any CPU.Build.0 = Release|Any CPU
		{3A59A9D6-7D9D-326C-5A79-B77C364CB0A6}.Debug|Any CPU.ActiveCfg = Debug|Any CPU
		{3A59A9D6-7D9D-326C-5A79-B77C364CB0A6}.Debug|Any CPU.Build.0 = Debug|Any CPU
		{3A59A9D6-7D9D-326C-5A79-B77C364CB0A6}.Release|Any CPU.ActiveCfg = Release|Any CPU
		{3A59A9D6-7D9D-326C-5A79-B77C364CB0A6}.Release|Any CPU.Build.0 = Release|Any CPU
		{F538308D-AB13-C2FD-75B6-8C613AE0B4FA}.Debug|Any CPU.ActiveCfg = Debug|Any CPU
		{F538308D-AB13-C2FD-75B6-8C613AE0B4FA}.Debug|Any CPU.Build.0 = Debug|Any CPU
		{F538308D-AB13-C2FD-75B6-8C613AE0B4FA}.Release|Any CPU.ActiveCfg = Release|Any CPU
		{F538308D-AB13-C2FD-75B6-8C613AE0B4FA}.Release|Any CPU.Build.0 = Release|Any CPU
		{8692DCB7-ED25-777E-FACE-880C1697DE35}.Debug|Any CPU.ActiveCfg = Debug|Any CPU
		{8692DCB7-ED25-777E-FACE-880C1697DE35}.Debug|Any CPU.Build.0 = Debug|Any CPU
		{8692DCB7-ED25-777E-FACE-880C1697DE35}.Release|Any CPU.ActiveCfg = Release|Any CPU
		{8692DCB7-ED25-777E-FACE-880C1697DE35}.Release|Any CPU.Build.0 = Release|Any CPU
		{69433B1C-A246-D55F-102A-26EFF5ACA1A0}.Debug|Any CPU.ActiveCfg = Debug|Any CPU
		{69433B1C-A246-D55F-102A-26EFF5ACA1A0}.Debug|Any CPU.Build.0 = Debug|Any CPU
		{69433B1C-A246-D55F-102A-26EFF5ACA1A0}.Release|Any CPU.ActiveCfg = Release|Any CPU
		{69433B1C-A246-D55F-102A-26EFF5ACA1A0}.Release|Any CPU.Build.0 = Release|Any CPU
		{85FC4201-F3E6-4CFB-483C-C9EADE101F94}.Debug|Any CPU.ActiveCfg = Debug|Any CPU
		{85FC4201-F3E6-4CFB-483C-C9EADE101F94}.Debug|Any CPU.Build.0 = Debug|Any CPU
		{85FC4201-F3E6-4CFB-483C-C9EADE101F94}.Release|Any CPU.ActiveCfg = Release|Any CPU
		{85FC4201-F3E6-4CFB-483C-C9EADE101F94}.Release|Any CPU.Build.0 = Release|Any CPU
		{3D6A0EBA-C3F1-4791-9DA5-324717911B97}.Debug|Any CPU.ActiveCfg = Debug|Any CPU
		{3D6A0EBA-C3F1-4791-9DA5-324717911B97}.Debug|Any CPU.Build.0 = Debug|Any CPU
		{3D6A0EBA-C3F1-4791-9DA5-324717911B97}.Release|Any CPU.ActiveCfg = Release|Any CPU
		{3D6A0EBA-C3F1-4791-9DA5-324717911B97}.Release|Any CPU.Build.0 = Release|Any CPU
	EndGlobalSection
	GlobalSection(SolutionProperties) = preSolution
		HideSolutionNode = FALSE
	EndGlobalSection
	GlobalSection(NestedProjects) = preSolution
		{D26B8298-5D89-339D-FE2A-E9E6B5F1FD5A} = {A1131AB8-4F96-48CA-A5CD-7CFFB80E7B1C}
		{3ECFED4B-EC67-2BB6-5EFB-4FE1FE6EA3B6} = {A1131AB8-4F96-48CA-A5CD-7CFFB80E7B1C}
		{3A59A9D6-7D9D-326C-5A79-B77C364CB0A6} = {A1131AB8-4F96-48CA-A5CD-7CFFB80E7B1C}
		{F538308D-AB13-C2FD-75B6-8C613AE0B4FA} = {A1131AB8-4F96-48CA-A5CD-7CFFB80E7B1C}
		{8692DCB7-ED25-777E-FACE-880C1697DE35} = {A1131AB8-4F96-48CA-A5CD-7CFFB80E7B1C}
		{69433B1C-A246-D55F-102A-26EFF5ACA1A0} = {A1131AB8-4F96-48CA-A5CD-7CFFB80E7B1C}
		{85FC4201-F3E6-4CFB-483C-C9EADE101F94} = {39C4839D-F7F1-46E4-886E-CA63025F6D59}
		{3D6A0EBA-C3F1-4791-9DA5-324717911B97} = {39C4839D-F7F1-46E4-886E-CA63025F6D59}
	EndGlobalSection
	GlobalSection(ExtensibilityGlobals) = postSolution
		SolutionGuid = {5C6844D3-7483-4EBA-ACB8-E0972FD70F75}
	EndGlobalSection
EndGlobal
